
Microsoft Visual Studio Solution File, Format Version 12.00
# Visual Studio 15
VisualStudioVersion = 15.0.28307.1622
MinimumVisualStudioVersion = 10.0.40219.1
Project("{FAE04EC0-301F-11D3-BF4B-00C04F79EFBC}") = "RTO", "AssesmentWeb\RTO.csproj", "{371E490F-5A05-40AF-9F53-1FE3250900CE}"
EndProject
Project("{FAE04EC0-301F-11D3-BF4B-00C04F79EFBC}") = "BusinessLayer", "BusinessLayer\BusinessLayer.csproj", "{37BBEB25-9E5B-4A7D-BA7B-1B4C6AA8C580}"
EndProject
Project("{FAE04EC0-301F-11D3-BF4B-00C04F79EFBC}") = "DataLayer", "DataLayer\DataLayer.csproj", "{CE4951F0-19CE-460F-B56A-809D49C30F0A}"
EndProject
Project("{FAE04EC0-301F-11D3-BF4B-00C04F79EFBC}") = "DataModel Layer", "DataModel Layer\DataModel Layer.csproj", "{26596B97-15C1-4D36-90EB-3B6CB751534F}"
EndProject
Project("{FAE04EC0-301F-11D3-BF4B-00C04F79EFBC}") = "ViewLayer", "ViewLayer\ViewLayer.csproj", "{3D7D2098-AC8D-4C62-BC5C-21163CB630D8}"
EndProject
Global
	GlobalSection(SolutionConfigurationPlatforms) = preSolution
		Debug|Any CPU = Debug|Any CPU
		Release|Any CPU = Release|Any CPU
	EndGlobalSection
	GlobalSection(ProjectConfigurationPlatforms) = postSolution
		{371E490F-5A05-40AF-9F53-1FE3250900CE}.Debug|Any CPU.ActiveCfg = Debug|Any CPU
		{371E490F-5A05-40AF-9F53-1FE3250900CE}.Debug|Any CPU.Build.0 = Debug|Any CPU
		{371E490F-5A05-40AF-9F53-1FE3250900CE}.Release|Any CPU.ActiveCfg = Release|Any CPU
		{371E490F-5A05-40AF-9F53-1FE3250900CE}.Release|Any CPU.Build.0 = Release|Any CPU
		{37BBEB25-9E5B-4A7D-BA7B-1B4C6AA8C580}.Debug|Any CPU.ActiveCfg = Debug|Any CPU
		{37BBEB25-9E5B-4A7D-BA7B-1B4C6AA8C580}.Debug|Any CPU.Build.0 = Debug|Any CPU
		{37BBEB25-9E5B-4A7D-BA7B-1B4C6AA8C580}.Release|Any CPU.ActiveCfg = Release|Any CPU
		{37BBEB25-9E5B-4A7D-BA7B-1B4C6AA8C580}.Release|Any CPU.Build.0 = Release|Any CPU
		{CE4951F0-19CE-460F-B56A-809D49C30F0A}.Debug|Any CPU.ActiveCfg = Debug|Any CPU
		{CE4951F0-19CE-460F-B56A-809D49C30F0A}.Debug|Any CPU.Build.0 = Debug|Any CPU
		{CE4951F0-19CE-460F-B56A-809D49C30F0A}.Release|Any CPU.ActiveCfg = Release|Any CPU
		{CE4951F0-19CE-460F-B56A-809D49C30F0A}.Release|Any CPU.Build.0 = Release|Any CPU
		{26596B97-15C1-4D36-90EB-3B6CB751534F}.Debug|Any CPU.ActiveCfg = Debug|Any CPU
		{26596B97-15C1-4D36-90EB-3B6CB751534F}.Debug|Any CPU.Build.0 = Debug|Any CPU
		{26596B97-15C1-4D36-90EB-3B6CB751534F}.Release|Any CPU.ActiveCfg = Release|Any CPU
		{26596B97-15C1-4D36-90EB-3B6CB751534F}.Release|Any CPU.Build.0 = Release|Any CPU
		{3D7D2098-AC8D-4C62-BC5C-21163CB630D8}.Debug|Any CPU.ActiveCfg = Debug|Any CPU
		{3D7D2098-AC8D-4C62-BC5C-21163CB630D8}.Debug|Any CPU.Build.0 = Debug|Any CPU
		{3D7D2098-AC8D-4C62-BC5C-21163CB630D8}.Release|Any CPU.ActiveCfg = Release|Any CPU
		{3D7D2098-AC8D-4C62-BC5C-21163CB630D8}.Release|Any CPU.Build.0 = Release|Any CPU
	EndGlobalSection
	GlobalSection(SolutionProperties) = preSolution
		HideSolutionNode = FALSE
	EndGlobalSection
	GlobalSection(ExtensibilityGlobals) = postSolution
		SolutionGuid = {B35F7F71-AACB-42A8-ADCB-6C6067ED1ECD}
	EndGlobalSection
EndGlobal
